// !$*UTF8*$!
{
	archiveVersion = 1;
	classes = {
	};
	objectVersion = 46;
	objects = {

/* Begin PBXBuildFile section */
		264C03151E7D7DDB0039A05B /* AppDelegate.swift in Sources */ = {isa = PBXBuildFile; fileRef = 264C03141E7D7DDB0039A05B /* AppDelegate.swift */; };
		264C03171E7D7DDB0039A05B /* AccountTransferViewController.swift in Sources */ = {isa = PBXBuildFile; fileRef = 264C03161E7D7DDB0039A05B /* AccountTransferViewController.swift */; };
		264C031C1E7D7DDB0039A05B /* Assets.xcassets in Resources */ = {isa = PBXBuildFile; fileRef = 264C031B1E7D7DDB0039A05B /* Assets.xcassets */; };
		264C031F1E7D7DDB0039A05B /* LaunchScreen.storyboard in Resources */ = {isa = PBXBuildFile; fileRef = 264C031D1E7D7DDB0039A05B /* LaunchScreen.storyboard */; };
		264C03341E7D7F920039A05B /* PresenterTests.swift in Sources */ = {isa = PBXBuildFile; fileRef = 264C03331E7D7F920039A05B /* PresenterTests.swift */; };
		264C033C1E7D80AB0039A05B /* AccountTransferView.swift in Sources */ = {isa = PBXBuildFile; fileRef = 264C033B1E7D80AB0039A05B /* AccountTransferView.swift */; };
		264C033E1E7D81860039A05B /* RemoteAccountRepositoryProtocol.swift in Sources */ = {isa = PBXBuildFile; fileRef = 264C033D1E7D81860039A05B /* RemoteAccountRepositoryProtocol.swift */; };
		264C03401E7D81DC0039A05B /* LocalAccountRepositoryProtocol.swift in Sources */ = {isa = PBXBuildFile; fileRef = 264C033F1E7D81DC0039A05B /* LocalAccountRepositoryProtocol.swift */; };
		264C03421E7D86210039A05B /* AccountTransferPresenter.swift in Sources */ = {isa = PBXBuildFile; fileRef = 264C03411E7D86210039A05B /* AccountTransferPresenter.swift */; };
		264C03441E7D8DA60039A05B /* IntegrationTests.swift in Sources */ = {isa = PBXBuildFile; fileRef = 264C03431E7D8DA60039A05B /* IntegrationTests.swift */; };
		264C03461E7D8EF60039A05B /* RemoteAccountRepository.swift in Sources */ = {isa = PBXBuildFile; fileRef = 264C03451E7D8EF60039A05B /* RemoteAccountRepository.swift */; };
		264C03481E7D8F110039A05B /* LocalAccountRepository.swift in Sources */ = {isa = PBXBuildFile; fileRef = 264C03471E7D8F110039A05B /* LocalAccountRepository.swift */; };
		264C034A1E7DA30D0039A05B /* ServiceLocatorTests.swift in Sources */ = {isa = PBXBuildFile; fileRef = 264C03491E7DA30D0039A05B /* ServiceLocatorTests.swift */; };
		264C034C1E7DA3950039A05B /* PresenterType.swift in Sources */ = {isa = PBXBuildFile; fileRef = 264C034B1E7DA3950039A05B /* PresenterType.swift */; };
		264C034E1E7DA3FF0039A05B /* ServiceLocator.swift in Sources */ = {isa = PBXBuildFile; fileRef = 264C034D1E7DA3FF0039A05B /* ServiceLocator.swift */; };
		264C03501E7DA7780039A05B /* PresenterProtocol.swift in Sources */ = {isa = PBXBuildFile; fileRef = 264C034F1E7DA7780039A05B /* PresenterProtocol.swift */; };
		264C03561E7DACAB0039A05B /* AccountTransferViewController.xib in Resources */ = {isa = PBXBuildFile; fileRef = 264C03551E7DACAB0039A05B /* AccountTransferViewController.xib */; };
		264C03581E7EF7E80039A05B /* ViewProtocol.swift in Sources */ = {isa = PBXBuildFile; fileRef = 264C03571E7EF7E80039A05B /* ViewProtocol.swift */; };
/* End PBXBuildFile section */

/* Begin PBXContainerItemProxy section */
		264C03361E7D7F920039A05B /* PBXContainerItemProxy */ = {
			isa = PBXContainerItemProxy;
			containerPortal = 264C03091E7D7DDB0039A05B /* Project object */;
			proxyType = 1;
			remoteGlobalIDString = 264C03101E7D7DDB0039A05B;
			remoteInfo = "mvp-kata";
		};
/* End PBXContainerItemProxy section */

/* Begin PBXFileReference section */
		264C03111E7D7DDB0039A05B /* mvp-kata.app */ = {isa = PBXFileReference; explicitFileType = wrapper.application; includeInIndex = 0; path = "mvp-kata.app"; sourceTree = BUILT_PRODUCTS_DIR; };
		264C03141E7D7DDB0039A05B /* AppDelegate.swift */ = {isa = PBXFileReference; lastKnownFileType = sourcecode.swift; path = AppDelegate.swift; sourceTree = "<group>"; };
		264C03161E7D7DDB0039A05B /* AccountTransferViewController.swift */ = {isa = PBXFileReference; lastKnownFileType = sourcecode.swift; path = AccountTransferViewController.swift; sourceTree = "<group>"; };
		264C031B1E7D7DDB0039A05B /* Assets.xcassets */ = {isa = PBXFileReference; lastKnownFileType = folder.assetcatalog; path = Assets.xcassets; sourceTree = "<group>"; };
		264C031E1E7D7DDB0039A05B /* Base */ = {isa = PBXFileReference; lastKnownFileType = file.storyboard; name = Base; path = Base.lproj/LaunchScreen.storyboard; sourceTree = "<group>"; };
		264C03201E7D7DDB0039A05B /* Info.plist */ = {isa = PBXFileReference; lastKnownFileType = text.plist.xml; path = Info.plist; sourceTree = "<group>"; };
		264C03311E7D7F920039A05B /* mvp-kataTests.xctest */ = {isa = PBXFileReference; explicitFileType = wrapper.cfbundle; includeInIndex = 0; path = "mvp-kataTests.xctest"; sourceTree = BUILT_PRODUCTS_DIR; };
		264C03331E7D7F920039A05B /* PresenterTests.swift */ = {isa = PBXFileReference; lastKnownFileType = sourcecode.swift; path = PresenterTests.swift; sourceTree = "<group>"; };
		264C03351E7D7F920039A05B /* Info.plist */ = {isa = PBXFileReference; lastKnownFileType = text.plist.xml; path = Info.plist; sourceTree = "<group>"; };
		264C033B1E7D80AB0039A05B /* AccountTransferView.swift */ = {isa = PBXFileReference; fileEncoding = 4; lastKnownFileType = sourcecode.swift; path = AccountTransferView.swift; sourceTree = "<group>"; };
		264C033D1E7D81860039A05B /* RemoteAccountRepositoryProtocol.swift */ = {isa = PBXFileReference; fileEncoding = 4; lastKnownFileType = sourcecode.swift; path = RemoteAccountRepositoryProtocol.swift; sourceTree = "<group>"; };
		264C033F1E7D81DC0039A05B /* LocalAccountRepositoryProtocol.swift */ = {isa = PBXFileReference; fileEncoding = 4; lastKnownFileType = sourcecode.swift; path = LocalAccountRepositoryProtocol.swift; sourceTree = "<group>"; };
		264C03411E7D86210039A05B /* AccountTransferPresenter.swift */ = {isa = PBXFileReference; fileEncoding = 4; lastKnownFileType = sourcecode.swift; path = AccountTransferPresenter.swift; sourceTree = "<group>"; };
		264C03431E7D8DA60039A05B /* IntegrationTests.swift */ = {isa = PBXFileReference; fileEncoding = 4; lastKnownFileType = sourcecode.swift; path = IntegrationTests.swift; sourceTree = "<group>"; };
		264C03451E7D8EF60039A05B /* RemoteAccountRepository.swift */ = {isa = PBXFileReference; fileEncoding = 4; lastKnownFileType = sourcecode.swift; path = RemoteAccountRepository.swift; sourceTree = "<group>"; };
		264C03471E7D8F110039A05B /* LocalAccountRepository.swift */ = {isa = PBXFileReference; fileEncoding = 4; lastKnownFileType = sourcecode.swift; path = LocalAccountRepository.swift; sourceTree = "<group>"; };
		264C03491E7DA30D0039A05B /* ServiceLocatorTests.swift */ = {isa = PBXFileReference; fileEncoding = 4; lastKnownFileType = sourcecode.swift; path = ServiceLocatorTests.swift; sourceTree = "<group>"; };
		264C034B1E7DA3950039A05B /* PresenterType.swift */ = {isa = PBXFileReference; fileEncoding = 4; lastKnownFileType = sourcecode.swift; path = PresenterType.swift; sourceTree = "<group>"; };
		264C034D1E7DA3FF0039A05B /* ServiceLocator.swift */ = {isa = PBXFileReference; fileEncoding = 4; lastKnownFileType = sourcecode.swift; path = ServiceLocator.swift; sourceTree = "<group>"; };
		264C034F1E7DA7780039A05B /* PresenterProtocol.swift */ = {isa = PBXFileReference; fileEncoding = 4; lastKnownFileType = sourcecode.swift; path = PresenterProtocol.swift; sourceTree = "<group>"; };
		264C03551E7DACAB0039A05B /* AccountTransferViewController.xib */ = {isa = PBXFileReference; fileEncoding = 4; lastKnownFileType = file.xib; path = AccountTransferViewController.xib; sourceTree = "<group>"; };
		264C03571E7EF7E80039A05B /* ViewProtocol.swift */ = {isa = PBXFileReference; fileEncoding = 4; lastKnownFileType = sourcecode.swift; path = ViewProtocol.swift; sourceTree = "<group>"; };
/* End PBXFileReference section */

/* Begin PBXFrameworksBuildPhase section */
		264C030E1E7D7DDB0039A05B /* Frameworks */ = {
			isa = PBXFrameworksBuildPhase;
			buildActionMask = 2147483647;
			files = (
			);
			runOnlyForDeploymentPostprocessing = 0;
		};
		264C032E1E7D7F920039A05B /* Frameworks */ = {
			isa = PBXFrameworksBuildPhase;
			buildActionMask = 2147483647;
			files = (
			);
			runOnlyForDeploymentPostprocessing = 0;
		};
/* End PBXFrameworksBuildPhase section */

/* Begin PBXGroup section */
		264C03081E7D7DDB0039A05B = {
			isa = PBXGroup;
			children = (
				264C03131E7D7DDB0039A05B /* mvp-kata */,
				264C03321E7D7F920039A05B /* mvp-kataTests */,
				264C03121E7D7DDB0039A05B /* Products */,
			);
			sourceTree = "<group>";
		};
		264C03121E7D7DDB0039A05B /* Products */ = {
			isa = PBXGroup;
			children = (
				264C03111E7D7DDB0039A05B /* mvp-kata.app */,
				264C03311E7D7F920039A05B /* mvp-kataTests.xctest */,
			);
			name = Products;
			sourceTree = "<group>";
		};
		264C03131E7D7DDB0039A05B /* mvp-kata */ = {
			isa = PBXGroup;
			children = (
				264C032A1E7D7EC60039A05B /* ViewControllers */,
				264C03291E7D7EBE0039A05B /* Utils */,
				264C03281E7D7EB70039A05B /* Views */,
				264C03271E7D7EB00039A05B /* Repositories */,
				264C03261E7D7EA40039A05B /* Presenters */,
				264C03141E7D7DDB0039A05B /* AppDelegate.swift */,
				264C031B1E7D7DDB0039A05B /* Assets.xcassets */,
				264C031D1E7D7DDB0039A05B /* LaunchScreen.storyboard */,
				264C03201E7D7DDB0039A05B /* Info.plist */,
			);
			path = "mvp-kata";
			sourceTree = "<group>";
		};
		264C03261E7D7EA40039A05B /* Presenters */ = {
			isa = PBXGroup;
			children = (
				264C034F1E7DA7780039A05B /* PresenterProtocol.swift */,
				264C03411E7D86210039A05B /* AccountTransferPresenter.swift */,
			);
			name = Presenters;
			sourceTree = "<group>";
		};
		264C03271E7D7EB00039A05B /* Repositories */ = {
			isa = PBXGroup;
			children = (
				264C033D1E7D81860039A05B /* RemoteAccountRepositoryProtocol.swift */,
				264C03451E7D8EF60039A05B /* RemoteAccountRepository.swift */,
				264C033F1E7D81DC0039A05B /* LocalAccountRepositoryProtocol.swift */,
				264C03471E7D8F110039A05B /* LocalAccountRepository.swift */,
			);
			name = Repositories;
			sourceTree = "<group>";
		};
		264C03281E7D7EB70039A05B /* Views */ = {
			isa = PBXGroup;
			children = (
				264C03571E7EF7E80039A05B /* ViewProtocol.swift */,
				264C033B1E7D80AB0039A05B /* AccountTransferView.swift */,
			);
			name = Views;
			sourceTree = "<group>";
		};
		264C03291E7D7EBE0039A05B /* Utils */ = {
			isa = PBXGroup;
			children = (
				264C034B1E7DA3950039A05B /* PresenterType.swift */,
				264C034D1E7DA3FF0039A05B /* ServiceLocator.swift */,
			);
			name = Utils;
			sourceTree = "<group>";
		};
		264C032A1E7D7EC60039A05B /* ViewControllers */ = {
			isa = PBXGroup;
			children = (
				264C03161E7D7DDB0039A05B /* AccountTransferViewController.swift */,
				264C03551E7DACAB0039A05B /* AccountTransferViewController.xib */,
			);
			name = ViewControllers;
			sourceTree = "<group>";
		};
		264C03321E7D7F920039A05B /* mvp-kataTests */ = {
			isa = PBXGroup;
			children = (
				264C03331E7D7F920039A05B /* PresenterTests.swift */,
				264C03431E7D8DA60039A05B /* IntegrationTests.swift */,
				264C03491E7DA30D0039A05B /* ServiceLocatorTests.swift */,
				264C03351E7D7F920039A05B /* Info.plist */,
			);
			path = "mvp-kataTests";
			sourceTree = "<group>";
		};
/* End PBXGroup section */

/* Begin PBXNativeTarget section */
		264C03101E7D7DDB0039A05B /* mvp-kata */ = {
			isa = PBXNativeTarget;
			buildConfigurationList = 264C03231E7D7DDB0039A05B /* Build configuration list for PBXNativeTarget "mvp-kata" */;
			buildPhases = (
				264C030D1E7D7DDB0039A05B /* Sources */,
				264C030E1E7D7DDB0039A05B /* Frameworks */,
				264C030F1E7D7DDB0039A05B /* Resources */,
			);
			buildRules = (
			);
			dependencies = (
			);
			name = "mvp-kata";
			productName = "mvp-kata";
			productReference = 264C03111E7D7DDB0039A05B /* mvp-kata.app */;
			productType = "com.apple.product-type.application";
		};
		264C03301E7D7F920039A05B /* mvp-kataTests */ = {
			isa = PBXNativeTarget;
			buildConfigurationList = 264C03381E7D7F920039A05B /* Build configuration list for PBXNativeTarget "mvp-kataTests" */;
			buildPhases = (
				264C032D1E7D7F920039A05B /* Sources */,
				264C032E1E7D7F920039A05B /* Frameworks */,
				264C032F1E7D7F920039A05B /* Resources */,
			);
			buildRules = (
			);
			dependencies = (
				264C03371E7D7F920039A05B /* PBXTargetDependency */,
			);
			name = "mvp-kataTests";
			productName = "mvp-kataTests";
			productReference = 264C03311E7D7F920039A05B /* mvp-kataTests.xctest */;
			productType = "com.apple.product-type.bundle.unit-test";
		};
/* End PBXNativeTarget section */

/* Begin PBXProject section */
		264C03091E7D7DDB0039A05B /* Project object */ = {
			isa = PBXProject;
			attributes = {
				LastSwiftUpdateCheck = 0820;
				LastUpgradeCheck = 0820;
				ORGANIZATIONNAME = "Grzegorz Aperlinski";
				TargetAttributes = {
					264C03101E7D7DDB0039A05B = {
						CreatedOnToolsVersion = 8.2.1;
						DevelopmentTeam = 75HR7BVDZ7;
						ProvisioningStyle = Automatic;
					};
					264C03301E7D7F920039A05B = {
						CreatedOnToolsVersion = 8.2.1;
						DevelopmentTeam = 75HR7BVDZ7;
						ProvisioningStyle = Automatic;
						TestTargetID = 264C03101E7D7DDB0039A05B;
					};
				};
			};
			buildConfigurationList = 264C030C1E7D7DDB0039A05B /* Build configuration list for PBXProject "mvp-kata" */;
			compatibilityVersion = "Xcode 3.2";
			developmentRegion = English;
			hasScannedForEncodings = 0;
			knownRegions = (
				en,
				Base,
			);
			mainGroup = 264C03081E7D7DDB0039A05B;
			productRefGroup = 264C03121E7D7DDB0039A05B /* Products */;
			projectDirPath = "";
			projectRoot = "";
			targets = (
				264C03101E7D7DDB0039A05B /* mvp-kata */,
				264C03301E7D7F920039A05B /* mvp-kataTests */,
			);
		};
/* End PBXProject section */

/* Begin PBXResourcesBuildPhase section */
		264C030F1E7D7DDB0039A05B /* Resources */ = {
			isa = PBXResourcesBuildPhase;
			buildActionMask = 2147483647;
			files = (
				264C031F1E7D7DDB0039A05B /* LaunchScreen.storyboard in Resources */,
				264C03561E7DACAB0039A05B /* AccountTransferViewController.xib in Resources */,
				264C031C1E7D7DDB0039A05B /* Assets.xcassets in Resources */,
			);
			runOnlyForDeploymentPostprocessing = 0;
		};
		264C032F1E7D7F920039A05B /* Resources */ = {
			isa = PBXResourcesBuildPhase;
			buildActionMask = 2147483647;
			files = (
			);
			runOnlyForDeploymentPostprocessing = 0;
		};
/* End PBXResourcesBuildPhase section */

/* Begin PBXSourcesBuildPhase section */
		264C030D1E7D7DDB0039A05B /* Sources */ = {
			isa = PBXSourcesBuildPhase;
			buildActionMask = 2147483647;
			files = (
				264C03171E7D7DDB0039A05B /* AccountTransferViewController.swift in Sources */,
				264C03401E7D81DC0039A05B /* LocalAccountRepositoryProtocol.swift in Sources */,
				264C033E1E7D81860039A05B /* RemoteAccountRepositoryProtocol.swift in Sources */,
				264C03421E7D86210039A05B /* AccountTransferPresenter.swift in Sources */,
				264C033C1E7D80AB0039A05B /* AccountTransferView.swift in Sources */,
				264C03151E7D7DDB0039A05B /* AppDelegate.swift in Sources */,
				264C034E1E7DA3FF0039A05B /* ServiceLocator.swift in Sources */,
				264C03461E7D8EF60039A05B /* RemoteAccountRepository.swift in Sources */,
				264C034C1E7DA3950039A05B /* PresenterType.swift in Sources */,
				264C03481E7D8F110039A05B /* LocalAccountRepository.swift in Sources */,
				264C03581E7EF7E80039A05B /* ViewProtocol.swift in Sources */,
				264C03501E7DA7780039A05B /* PresenterProtocol.swift in Sources */,
			);
			runOnlyForDeploymentPostprocessing = 0;
		};
		264C032D1E7D7F920039A05B /* Sources */ = {
			isa = PBXSourcesBuildPhase;
			buildActionMask = 2147483647;
			files = (
				264C03441E7D8DA60039A05B /* IntegrationTests.swift in Sources */,
				264C03341E7D7F920039A05B /* PresenterTests.swift in Sources */,
				264C034A1E7DA30D0039A05B /* ServiceLocatorTests.swift in Sources */,
			);
			runOnlyForDeploymentPostprocessing = 0;
		};
/* End PBXSourcesBuildPhase section */

/* Begin PBXTargetDependency section */
		264C03371E7D7F920039A05B /* PBXTargetDependency */ = {
			isa = PBXTargetDependency;
			target = 264C03101E7D7DDB0039A05B /* mvp-kata */;
			targetProxy = 264C03361E7D7F920039A05B /* PBXContainerItemProxy */;
		};
/* End PBXTargetDependency section */

/* Begin PBXVariantGroup section */
		264C031D1E7D7DDB0039A05B /* LaunchScreen.storyboard */ = {
			isa = PBXVariantGroup;
			children = (
				264C031E1E7D7DDB0039A05B /* Base */,
			);
			name = LaunchScreen.storyboard;
			sourceTree = "<group>";
		};
/* End PBXVariantGroup section */

/* Begin XCBuildConfiguration section */
		264C03211E7D7DDB0039A05B /* Debug */ = {
			isa = XCBuildConfiguration;
			buildSettings = {
				ALWAYS_SEARCH_USER_PATHS = NO;
				CLANG_ANALYZER_NONNULL = YES;
				CLANG_CXX_LANGUAGE_STANDARD = "gnu++0x";
				CLANG_CXX_LIBRARY = "libc++";
				CLANG_ENABLE_MODULES = YES;
				CLANG_ENABLE_OBJC_ARC = YES;
				CLANG_WARN_BOOL_CONVERSION = YES;
				CLANG_WARN_CONSTANT_CONVERSION = YES;
				CLANG_WARN_DIRECT_OBJC_ISA_USAGE = YES_ERROR;
				CLANG_WARN_DOCUMENTATION_COMMENTS = YES;
				CLANG_WARN_EMPTY_BODY = YES;
				CLANG_WARN_ENUM_CONVERSION = YES;
				CLANG_WARN_INFINITE_RECURSION = YES;
				CLANG_WARN_INT_CONVERSION = YES;
				CLANG_WARN_OBJC_ROOT_CLASS = YES_ERROR;
				CLANG_WARN_SUSPICIOUS_MOVE = YES;
				CLANG_WARN_UNREACHABLE_CODE = YES;
				CLANG_WARN__DUPLICATE_METHOD_MATCH = YES;
				"CODE_SIGN_IDENTITY[sdk=iphoneos*]" = "iPhone Developer";
				COPY_PHASE_STRIP = NO;
				DEBUG_INFORMATION_FORMAT = dwarf;
				ENABLE_STRICT_OBJC_MSGSEND = YES;
				ENABLE_TESTABILITY = YES;
				GCC_C_LANGUAGE_STANDARD = gnu99;
				GCC_DYNAMIC_NO_PIC = NO;
				GCC_NO_COMMON_BLOCKS = YES;
				GCC_OPTIMIZATION_LEVEL = 0;
				GCC_PREPROCESSOR_DEFINITIONS = (
					"DEBUG=1",
					"$(inherited)",
				);
				GCC_WARN_64_TO_32_BIT_CONVERSION = YES;
				GCC_WARN_ABOUT_RETURN_TYPE = YES_ERROR;
				GCC_WARN_UNDECLARED_SELECTOR = YES;
				GCC_WARN_UNINITIALIZED_AUTOS = YES_AGGRESSIVE;
				GCC_WARN_UNUSED_FUNCTION = YES;
				GCC_WARN_UNUSED_VARIABLE = YES;
				IPHONEOS_DEPLOYMENT_TARGET = 10.2;
				MTL_ENABLE_DEBUG_INFO = YES;
				ONLY_ACTIVE_ARCH = YES;
				SDKROOT = iphoneos;
				SWIFT_ACTIVE_COMPILATION_CONDITIONS = DEBUG;
				SWIFT_OPTIMIZATION_LEVEL = "-Onone";
				TARGETED_DEVICE_FAMILY = "1,2";
			};
			name = Debug;
		};
		264C03221E7D7DDB0039A05B /* Release */ = {
			isa = XCBuildConfiguration;
			buildSettings = {
				ALWAYS_SEARCH_USER_PATHS = NO;
				CLANG_ANALYZER_NONNULL = YES;
				CLANG_CXX_LANGUAGE_STANDARD = "gnu++0x";
				CLANG_CXX_LIBRARY = "libc++";
				CLANG_ENABLE_MODULES = YES;
				CLANG_ENABLE_OBJC_ARC = YES;
				CLANG_WARN_BOOL_CONVERSION = YES;
				CLANG_WARN_CONSTANT_CONVERSION = YES;
				CLANG_WARN_DIRECT_OBJC_ISA_USAGE = YES_ERROR;
				CLANG_WARN_DOCUMENTATION_COMMENTS = YES;
				CLANG_WARN_EMPTY_BODY = YES;
				CLANG_WARN_ENUM_CONVERSION = YES;
				CLANG_WARN_INFINITE_RECURSION = YES;
				CLANG_WARN_INT_CONVERSION = YES;
				CLANG_WARN_OBJC_ROOT_CLASS = YES_ERROR;
				CLANG_WARN_SUSPICIOUS_MOVE = YES;
				CLANG_WARN_UNREACHABLE_CODE = YES;
				CLANG_WARN__DUPLICATE_METHOD_MATCH = YES;
				"CODE_SIGN_IDENTITY[sdk=iphoneos*]" = "iPhone Developer";
				COPY_PHASE_STRIP = NO;
				DEBUG_INFORMATION_FORMAT = "dwarf-with-dsym";
				ENABLE_NS_ASSERTIONS = NO;
				ENABLE_STRICT_OBJC_MSGSEND = YES;
				GCC_C_LANGUAGE_STANDARD = gnu99;
				GCC_NO_COMMON_BLOCKS = YES;
				GCC_WARN_64_TO_32_BIT_CONVERSION = YES;
				GCC_WARN_ABOUT_RETURN_TYPE = YES_ERROR;
				GCC_WARN_UNDECLARED_SELECTOR = YES;
				GCC_WARN_UNINITIALIZED_AUTOS = YES_AGGRESSIVE;
				GCC_WARN_UNUSED_FUNCTION = YES;
				GCC_WARN_UNUSED_VARIABLE = YES;
				IPHONEOS_DEPLOYMENT_TARGET = 10.2;
				MTL_ENABLE_DEBUG_INFO = NO;
				SDKROOT = iphoneos;
				SWIFT_OPTIMIZATION_LEVEL = "-Owholemodule";
				TARGETED_DEVICE_FAMILY = "1,2";
				VALIDATE_PRODUCT = YES;
			};
			name = Release;
		};
		264C03241E7D7DDB0039A05B /* Debug */ = {
			isa = XCBuildConfiguration;
			buildSettings = {
				ASSETCATALOG_COMPILER_APPICON_NAME = AppIcon;
				DEVELOPMENT_TEAM = 75HR7BVDZ7;
				INFOPLIST_FILE = "mvp-kata/Info.plist";
				LD_RUNPATH_SEARCH_PATHS = "$(inherited) @executable_path/Frameworks";
				PRODUCT_BUNDLE_IDENTIFIER = "pl.apper.mvp-kata";
				PRODUCT_NAME = "$(TARGET_NAME)";
				SWIFT_VERSION = 3.0;
			};
			name = Debug;
		};
		264C03251E7D7DDB0039A05B /* Release */ = {
			isa = XCBuildConfiguration;
			buildSettings = {
				ASSETCATALOG_COMPILER_APPICON_NAME = AppIcon;
				DEVELOPMENT_TEAM = 75HR7BVDZ7;
				INFOPLIST_FILE = "mvp-kata/Info.plist";
				LD_RUNPATH_SEARCH_PATHS = "$(inherited) @executable_path/Frameworks";
				PRODUCT_BUNDLE_IDENTIFIER = "pl.apper.mvp-kata";
				PRODUCT_NAME = "$(TARGET_NAME)";
				SWIFT_VERSION = 3.0;
			};
			name = Release;
		};
		264C03391E7D7F920039A05B /* Debug */ = {
			isa = XCBuildConfiguration;
			buildSettings = {
				BUNDLE_LOADER = "$(TEST_HOST)";
				DEVELOPMENT_TEAM = 75HR7BVDZ7;
				INFOPLIST_FILE = "mvp-kataTests/Info.plist";
				LD_RUNPATH_SEARCH_PATHS = "$(inherited) @executable_path/Frameworks @loader_path/Frameworks";
				PRODUCT_BUNDLE_IDENTIFIER = "pl.apper.mvp-kataTests";
				PRODUCT_NAME = "$(TARGET_NAME)";
				SWIFT_VERSION = 3.0;
				TEST_HOST = "$(BUILT_PRODUCTS_DIR)/mvp-kata.app/mvp-kata";
			};
			name = Debug;
		};
		264C033A1E7D7F920039A05B /* Release */ = {
			isa = XCBuildConfiguration;
			buildSettings = {
				BUNDLE_LOADER = "$(TEST_HOST)";
				DEVELOPMENT_TEAM = 75HR7BVDZ7;
				INFOPLIST_FILE = "mvp-kataTests/Info.plist";
				LD_RUNPATH_SEARCH_PATHS = "$(inherited) @executable_path/Frameworks @loader_path/Frameworks";
				PRODUCT_BUNDLE_IDENTIFIER = "pl.apper.mvp-kataTests";
				PRODUCT_NAME = "$(TARGET_NAME)";
				SWIFT_VERSION = 3.0;
				TEST_HOST = "$(BUILT_PRODUCTS_DIR)/mvp-kata.app/mvp-kata";
			};
			name = Release;
		};
/* End XCBuildConfiguration section */

/* Begin XCConfigurationList section */
		264C030C1E7D7DDB0039A05B /* Build configuration list for PBXProject "mvp-kata" */ = {
			isa = XCConfigurationList;
			buildConfigurations = (
				264C03211E7D7DDB0039A05B /* Debug */,
				264C03221E7D7DDB0039A05B /* Release */,
			);
			defaultConfigurationIsVisible = 0;
			defaultConfigurationName = Release;
		};
		264C03231E7D7DDB0039A05B /* Build configuration list for PBXNativeTarget "mvp-kata" */ = {
			isa = XCConfigurationList;
			buildConfigurations = (
				264C03241E7D7DDB0039A05B /* Debug */,
				264C03251E7D7DDB0039A05B /* Release */,
			);
			defaultConfigurationIsVisible = 0;
			defaultConfigurationName = Release;
		};
		264C03381E7D7F920039A05B /* Build configuration list for PBXNativeTarget "mvp-kataTests" */ = {
			isa = XCConfigurationList;
			buildConfigurations = (
				264C03391E7D7F920039A05B /* Debug */,
				264C033A1E7D7F920039A05B /* Release */,
			);
			defaultConfigurationIsVisible = 0;
			defaultConfigurationName = Release;
		};
/* End XCConfigurationList section */
	};
	rootObject = 264C03091E7D7DDB0039A05B /* Project object */;
}
